// !$*UTF8*$!
{
	archiveVersion = 1;
	classes = {
	};
	objectVersion = 52;
	objects = {

/* Begin PBXBuildFile section */
		2349FD5B261E4F6900A1FEAA /* CodingChallengeApp.swift in Sources */ = {isa = PBXBuildFile; fileRef = 2349FD5A261E4F6900A1FEAA /* CodingChallengeApp.swift */; };
		2349FD5F261E4F6A00A1FEAA /* Assets.xcassets in Resources */ = {isa = PBXBuildFile; fileRef = 2349FD5E261E4F6A00A1FEAA /* Assets.xcassets */; };
		2349FD62261E4F6A00A1FEAA /* Preview Assets.xcassets in Resources */ = {isa = PBXBuildFile; fileRef = 2349FD61261E4F6A00A1FEAA /* Preview Assets.xcassets */; };
		2349FD6D261E4F6A00A1FEAA /* CodingChallengeTests.swift in Sources */ = {isa = PBXBuildFile; fileRef = 2349FD6C261E4F6A00A1FEAA /* CodingChallengeTests.swift */; };
		2349FD78261E4F6A00A1FEAA /* CodingChallengeUITests.swift in Sources */ = {isa = PBXBuildFile; fileRef = 2349FD77261E4F6A00A1FEAA /* CodingChallengeUITests.swift */; };
		2349FD89261E4F9900A1FEAA /* ShiftsView.swift in Sources */ = {isa = PBXBuildFile; fileRef = 2349FD88261E4F9900A1FEAA /* ShiftsView.swift */; };
		7212F6FA2966F37F0012B578 /* ShiftCardView.swift in Sources */ = {isa = PBXBuildFile; fileRef = 7212F6F92966F37F0012B578 /* ShiftCardView.swift */; };
		7212F6FC2966F5240012B578 /* Array+Extensions.swift in Sources */ = {isa = PBXBuildFile; fileRef = 7212F6FB2966F5240012B578 /* Array+Extensions.swift */; };
		7212F6FE2966F6E90012B578 /* ProcessInfo+Extensions.swift in Sources */ = {isa = PBXBuildFile; fileRef = 7212F6FD2966F6E90012B578 /* ProcessInfo+Extensions.swift */; };
		7212F7002966F98F0012B578 /* HexColor.swift in Sources */ = {isa = PBXBuildFile; fileRef = 7212F6FF2966F98F0012B578 /* HexColor.swift */; };
		7212F7032966FF270012B578 /* SFSafeSymbols in Frameworks */ = {isa = PBXBuildFile; productRef = 7212F7022966FF270012B578 /* SFSafeSymbols */; };
		7212F7052967068F0012B578 /* Date+Extensions.swift in Sources */ = {isa = PBXBuildFile; fileRef = 7212F7042967068F0012B578 /* Date+Extensions.swift */; };
		7212F707296709130012B578 /* ShiftDetailsView.swift in Sources */ = {isa = PBXBuildFile; fileRef = 7212F706296709130012B578 /* ShiftDetailsView.swift */; };
		722D6C352966D17A002F89B0 /* Alamofire in Frameworks */ = {isa = PBXBuildFile; productRef = 722D6C342966D17A002F89B0 /* Alamofire */; };
		722D6C382966D285002F89B0 /* ShiftsRequest.swift in Sources */ = {isa = PBXBuildFile; fileRef = 722D6C372966D285002F89B0 /* ShiftsRequest.swift */; };
		722D6C3A2966D28D002F89B0 /* ShiftsResponse.swift in Sources */ = {isa = PBXBuildFile; fileRef = 722D6C392966D28D002F89B0 /* ShiftsResponse.swift */; };
		722D6C3C2966D2CF002F89B0 /* ShiftsNetworkService.swift in Sources */ = {isa = PBXBuildFile; fileRef = 722D6C3B2966D2CF002F89B0 /* ShiftsNetworkService.swift */; };
		722D6C3E2966D3B1002F89B0 /* ShiftsViewViewModel.swift in Sources */ = {isa = PBXBuildFile; fileRef = 722D6C3D2966D3B1002F89B0 /* ShiftsViewViewModel.swift */; };
		722D6C422966E284002F89B0 /* AutoMockable.generated.swift in Sources */ = {isa = PBXBuildFile; fileRef = 722D6C402966E284002F89B0 /* AutoMockable.generated.swift */; };
		722D6C432966E284002F89B0 /* AutoStub.generated.swift in Sources */ = {isa = PBXBuildFile; fileRef = 722D6C412966E284002F89B0 /* AutoStub.generated.swift */; };
		722D6C462966E82C002F89B0 /* CollectionLoadingView.swift in Sources */ = {isa = PBXBuildFile; fileRef = 722D6C452966E82C002F89B0 /* CollectionLoadingView.swift */; };
		722D6C482966E84D002F89B0 /* Shimmer.swift in Sources */ = {isa = PBXBuildFile; fileRef = 722D6C472966E84D002F89B0 /* Shimmer.swift */; };
		722D6C4A2966EA40002F89B0 /* DayOnlyDateFormatter.swift in Sources */ = {isa = PBXBuildFile; fileRef = 722D6C492966EA40002F89B0 /* DayOnlyDateFormatter.swift */; };
		72F65243296817CE003A11C8 /* ColorIndicatorText.swift in Sources */ = {isa = PBXBuildFile; fileRef = 72F65242296817CE003A11C8 /* ColorIndicatorText.swift */; };
		72F65245296819FD003A11C8 /* ShiftTimesView.swift in Sources */ = {isa = PBXBuildFile; fileRef = 72F65244296819FD003A11C8 /* ShiftTimesView.swift */; };
		72F65248296826EA003A11C8 /* ShiftSection.swift in Sources */ = {isa = PBXBuildFile; fileRef = 72F65247296826EA003A11C8 /* ShiftSection.swift */; };
/* End PBXBuildFile section */

/* Begin PBXContainerItemProxy section */
		2349FD69261E4F6A00A1FEAA /* PBXContainerItemProxy */ = {
			isa = PBXContainerItemProxy;
			containerPortal = 2349FD4F261E4F6900A1FEAA /* Project object */;
			proxyType = 1;
			remoteGlobalIDString = 2349FD56261E4F6900A1FEAA;
			remoteInfo = CodingChallenge;
		};
		2349FD74261E4F6A00A1FEAA /* PBXContainerItemProxy */ = {
			isa = PBXContainerItemProxy;
			containerPortal = 2349FD4F261E4F6900A1FEAA /* Project object */;
			proxyType = 1;
			remoteGlobalIDString = 2349FD56261E4F6900A1FEAA;
			remoteInfo = CodingChallenge;
		};
/* End PBXContainerItemProxy section */

/* Begin PBXFileReference section */
		2349FD57261E4F6900A1FEAA /* CodingChallenge.app */ = {isa = PBXFileReference; explicitFileType = wrapper.application; includeInIndex = 0; path = CodingChallenge.app; sourceTree = BUILT_PRODUCTS_DIR; };
		2349FD5A261E4F6900A1FEAA /* CodingChallengeApp.swift */ = {isa = PBXFileReference; lastKnownFileType = sourcecode.swift; path = CodingChallengeApp.swift; sourceTree = "<group>"; };
		2349FD5E261E4F6A00A1FEAA /* Assets.xcassets */ = {isa = PBXFileReference; lastKnownFileType = folder.assetcatalog; path = Assets.xcassets; sourceTree = "<group>"; };
		2349FD61261E4F6A00A1FEAA /* Preview Assets.xcassets */ = {isa = PBXFileReference; lastKnownFileType = folder.assetcatalog; path = "Preview Assets.xcassets"; sourceTree = "<group>"; };
		2349FD63261E4F6A00A1FEAA /* Info.plist */ = {isa = PBXFileReference; lastKnownFileType = text.plist.xml; path = Info.plist; sourceTree = "<group>"; };
		2349FD68261E4F6A00A1FEAA /* CodingChallengeTests.xctest */ = {isa = PBXFileReference; explicitFileType = wrapper.cfbundle; includeInIndex = 0; path = CodingChallengeTests.xctest; sourceTree = BUILT_PRODUCTS_DIR; };
		2349FD6C261E4F6A00A1FEAA /* CodingChallengeTests.swift */ = {isa = PBXFileReference; lastKnownFileType = sourcecode.swift; path = CodingChallengeTests.swift; sourceTree = "<group>"; };
		2349FD6E261E4F6A00A1FEAA /* Info.plist */ = {isa = PBXFileReference; lastKnownFileType = text.plist.xml; path = Info.plist; sourceTree = "<group>"; };
		2349FD73261E4F6A00A1FEAA /* CodingChallengeUITests.xctest */ = {isa = PBXFileReference; explicitFileType = wrapper.cfbundle; includeInIndex = 0; path = CodingChallengeUITests.xctest; sourceTree = BUILT_PRODUCTS_DIR; };
		2349FD77261E4F6A00A1FEAA /* CodingChallengeUITests.swift */ = {isa = PBXFileReference; lastKnownFileType = sourcecode.swift; path = CodingChallengeUITests.swift; sourceTree = "<group>"; };
		2349FD79261E4F6A00A1FEAA /* Info.plist */ = {isa = PBXFileReference; lastKnownFileType = text.plist.xml; path = Info.plist; sourceTree = "<group>"; };
		2349FD88261E4F9900A1FEAA /* ShiftsView.swift */ = {isa = PBXFileReference; lastKnownFileType = sourcecode.swift; path = ShiftsView.swift; sourceTree = "<group>"; };
		7212F6F92966F37F0012B578 /* ShiftCardView.swift */ = {isa = PBXFileReference; lastKnownFileType = sourcecode.swift; path = ShiftCardView.swift; sourceTree = "<group>"; };
		7212F6FB2966F5240012B578 /* Array+Extensions.swift */ = {isa = PBXFileReference; lastKnownFileType = sourcecode.swift; path = "Array+Extensions.swift"; sourceTree = "<group>"; };
		7212F6FD2966F6E90012B578 /* ProcessInfo+Extensions.swift */ = {isa = PBXFileReference; lastKnownFileType = sourcecode.swift; path = "ProcessInfo+Extensions.swift"; sourceTree = "<group>"; };
		7212F6FF2966F98F0012B578 /* HexColor.swift */ = {isa = PBXFileReference; lastKnownFileType = sourcecode.swift; path = HexColor.swift; sourceTree = "<group>"; };
		7212F7042967068F0012B578 /* Date+Extensions.swift */ = {isa = PBXFileReference; lastKnownFileType = sourcecode.swift; path = "Date+Extensions.swift"; sourceTree = "<group>"; };
		7212F706296709130012B578 /* ShiftDetailsView.swift */ = {isa = PBXFileReference; lastKnownFileType = sourcecode.swift; path = ShiftDetailsView.swift; sourceTree = "<group>"; };
		722D6C372966D285002F89B0 /* ShiftsRequest.swift */ = {isa = PBXFileReference; lastKnownFileType = sourcecode.swift; path = ShiftsRequest.swift; sourceTree = "<group>"; };
		722D6C392966D28D002F89B0 /* ShiftsResponse.swift */ = {isa = PBXFileReference; lastKnownFileType = sourcecode.swift; path = ShiftsResponse.swift; sourceTree = "<group>"; };
		722D6C3B2966D2CF002F89B0 /* ShiftsNetworkService.swift */ = {isa = PBXFileReference; lastKnownFileType = sourcecode.swift; path = ShiftsNetworkService.swift; sourceTree = "<group>"; };
		722D6C3D2966D3B1002F89B0 /* ShiftsViewViewModel.swift */ = {isa = PBXFileReference; lastKnownFileType = sourcecode.swift; path = ShiftsViewViewModel.swift; sourceTree = "<group>"; };
		722D6C402966E284002F89B0 /* AutoMockable.generated.swift */ = {isa = PBXFileReference; fileEncoding = 4; lastKnownFileType = sourcecode.swift; path = AutoMockable.generated.swift; sourceTree = "<group>"; };
		722D6C412966E284002F89B0 /* AutoStub.generated.swift */ = {isa = PBXFileReference; fileEncoding = 4; lastKnownFileType = sourcecode.swift; path = AutoStub.generated.swift; sourceTree = "<group>"; };
		722D6C452966E82C002F89B0 /* CollectionLoadingView.swift */ = {isa = PBXFileReference; lastKnownFileType = sourcecode.swift; path = CollectionLoadingView.swift; sourceTree = "<group>"; };
		722D6C472966E84D002F89B0 /* Shimmer.swift */ = {isa = PBXFileReference; lastKnownFileType = sourcecode.swift; path = Shimmer.swift; sourceTree = "<group>"; };
		722D6C492966EA40002F89B0 /* DayOnlyDateFormatter.swift */ = {isa = PBXFileReference; lastKnownFileType = sourcecode.swift; path = DayOnlyDateFormatter.swift; sourceTree = "<group>"; };
		72F65242296817CE003A11C8 /* ColorIndicatorText.swift */ = {isa = PBXFileReference; lastKnownFileType = sourcecode.swift; path = ColorIndicatorText.swift; sourceTree = "<group>"; };
		72F65244296819FD003A11C8 /* ShiftTimesView.swift */ = {isa = PBXFileReference; lastKnownFileType = sourcecode.swift; path = ShiftTimesView.swift; sourceTree = "<group>"; };
		72F65247296826EA003A11C8 /* ShiftSection.swift */ = {isa = PBXFileReference; lastKnownFileType = sourcecode.swift; path = ShiftSection.swift; sourceTree = "<group>"; };
/* End PBXFileReference section */

/* Begin PBXFrameworksBuildPhase section */
		2349FD54261E4F6900A1FEAA /* Frameworks */ = {
			isa = PBXFrameworksBuildPhase;
			buildActionMask = 2147483647;
			files = (
				7212F7032966FF270012B578 /* SFSafeSymbols in Frameworks */,
				722D6C352966D17A002F89B0 /* Alamofire in Frameworks */,
			);
			runOnlyForDeploymentPostprocessing = 0;
		};
		2349FD65261E4F6A00A1FEAA /* Frameworks */ = {
			isa = PBXFrameworksBuildPhase;
			buildActionMask = 2147483647;
			files = (
			);
			runOnlyForDeploymentPostprocessing = 0;
		};
		2349FD70261E4F6A00A1FEAA /* Frameworks */ = {
			isa = PBXFrameworksBuildPhase;
			buildActionMask = 2147483647;
			files = (
			);
			runOnlyForDeploymentPostprocessing = 0;
		};
/* End PBXFrameworksBuildPhase section */

/* Begin PBXGroup section */
		2349FD4E261E4F6900A1FEAA = {
			isa = PBXGroup;
			children = (
				2349FD59261E4F6900A1FEAA /* CodingChallenge */,
				2349FD6B261E4F6A00A1FEAA /* CodingChallengeTests */,
				2349FD76261E4F6A00A1FEAA /* CodingChallengeUITests */,
				2349FD58261E4F6900A1FEAA /* Products */,
			);
			sourceTree = "<group>";
		};
		2349FD58261E4F6900A1FEAA /* Products */ = {
			isa = PBXGroup;
			children = (
				2349FD57261E4F6900A1FEAA /* CodingChallenge.app */,
				2349FD68261E4F6A00A1FEAA /* CodingChallengeTests.xctest */,
				2349FD73261E4F6A00A1FEAA /* CodingChallengeUITests.xctest */,
			);
			name = Products;
			sourceTree = "<group>";
		};
		2349FD59261E4F6900A1FEAA /* CodingChallenge */ = {
			isa = PBXGroup;
			children = (
				2349FD63261E4F6A00A1FEAA /* Info.plist */,
				2349FD5A261E4F6900A1FEAA /* CodingChallengeApp.swift */,
				2349FD5E261E4F6A00A1FEAA /* Assets.xcassets */,
				722D6C362966D271002F89B0 /* API */,
				722D6C3F2966E284002F89B0 /* Generated */,
				722D6C442966E7EF002F89B0 /* Helpers and Extensions */,
				2349FD60261E4F6A00A1FEAA /* Preview Content */,
				72DF8B61296811F000CE58E4 /* Shifts List */,
			);
			path = CodingChallenge;
			sourceTree = "<group>";
		};
		2349FD60261E4F6A00A1FEAA /* Preview Content */ = {
			isa = PBXGroup;
			children = (
				2349FD61261E4F6A00A1FEAA /* Preview Assets.xcassets */,
			);
			path = "Preview Content";
			sourceTree = "<group>";
		};
		2349FD6B261E4F6A00A1FEAA /* CodingChallengeTests */ = {
			isa = PBXGroup;
			children = (
				2349FD6C261E4F6A00A1FEAA /* CodingChallengeTests.swift */,
				2349FD6E261E4F6A00A1FEAA /* Info.plist */,
			);
			path = CodingChallengeTests;
			sourceTree = "<group>";
		};
		2349FD76261E4F6A00A1FEAA /* CodingChallengeUITests */ = {
			isa = PBXGroup;
			children = (
				2349FD77261E4F6A00A1FEAA /* CodingChallengeUITests.swift */,
				2349FD79261E4F6A00A1FEAA /* Info.plist */,
			);
			path = CodingChallengeUITests;
			sourceTree = "<group>";
		};
		722D6C362966D271002F89B0 /* API */ = {
			isa = PBXGroup;
			children = (
				722D6C372966D285002F89B0 /* ShiftsRequest.swift */,
				722D6C392966D28D002F89B0 /* ShiftsResponse.swift */,
				722D6C3B2966D2CF002F89B0 /* ShiftsNetworkService.swift */,
			);
			path = API;
			sourceTree = "<group>";
		};
		722D6C3F2966E284002F89B0 /* Generated */ = {
			isa = PBXGroup;
			children = (
				722D6C402966E284002F89B0 /* AutoMockable.generated.swift */,
				722D6C412966E284002F89B0 /* AutoStub.generated.swift */,
			);
			path = Generated;
			sourceTree = "<group>";
		};
		722D6C442966E7EF002F89B0 /* Helpers and Extensions */ = {
			isa = PBXGroup;
			children = (
				7212F6FB2966F5240012B578 /* Array+Extensions.swift */,
				7212F7042967068F0012B578 /* Date+Extensions.swift */,
				722D6C492966EA40002F89B0 /* DayOnlyDateFormatter.swift */,
				7212F6FF2966F98F0012B578 /* HexColor.swift */,
				7212F6FD2966F6E90012B578 /* ProcessInfo+Extensions.swift */,
				722D6C472966E84D002F89B0 /* Shimmer.swift */,
				72F652462968239D003A11C8 /* Views */,
			);
			path = "Helpers and Extensions";
			sourceTree = "<group>";
		};
		72DF8B60296811E500CE58E4 /* Shift Details */ = {
			isa = PBXGroup;
			children = (
				7212F706296709130012B578 /* ShiftDetailsView.swift */,
			);
			path = "Shift Details";
			sourceTree = "<group>";
		};
		72DF8B61296811F000CE58E4 /* Shifts List */ = {
			isa = PBXGroup;
			children = (
				2349FD88261E4F9900A1FEAA /* ShiftsView.swift */,
				722D6C3D2966D3B1002F89B0 /* ShiftsViewViewModel.swift */,
				72DF8B60296811E500CE58E4 /* Shift Details */,
				72DF8B62296811FE00CE58E4 /* Views */,
				72F65247296826EA003A11C8 /* ShiftSection.swift */,
			);
			path = "Shifts List";
			sourceTree = "<group>";
		};
		72DF8B62296811FE00CE58E4 /* Views */ = {
			isa = PBXGroup;
			children = (
				7212F6F92966F37F0012B578 /* ShiftCardView.swift */,
			);
			path = Views;
			sourceTree = "<group>";
		};
		72F652462968239D003A11C8 /* Views */ = {
			isa = PBXGroup;
			children = (
				722D6C452966E82C002F89B0 /* CollectionLoadingView.swift */,
				72F65242296817CE003A11C8 /* ColorIndicatorText.swift */,
				72F65244296819FD003A11C8 /* ShiftTimesView.swift */,
			);
			path = Views;
			sourceTree = "<group>";
		};
/* End PBXGroup section */

/* Begin PBXNativeTarget section */
		2349FD56261E4F6900A1FEAA /* CodingChallenge */ = {
			isa = PBXNativeTarget;
			buildConfigurationList = 2349FD7C261E4F6A00A1FEAA /* Build configuration list for PBXNativeTarget "CodingChallenge" */;
			buildPhases = (
				2349FD53261E4F6900A1FEAA /* Sources */,
				2349FD54261E4F6900A1FEAA /* Frameworks */,
				2349FD55261E4F6900A1FEAA /* Resources */,
			);
			buildRules = (
			);
			dependencies = (
			);
			name = CodingChallenge;
			packageProductDependencies = (
				722D6C342966D17A002F89B0 /* Alamofire */,
				7212F7022966FF270012B578 /* SFSafeSymbols */,
			);
			productName = CodingChallenge;
			productReference = 2349FD57261E4F6900A1FEAA /* CodingChallenge.app */;
			productType = "com.apple.product-type.application";
		};
		2349FD67261E4F6A00A1FEAA /* CodingChallengeTests */ = {
			isa = PBXNativeTarget;
			buildConfigurationList = 2349FD7F261E4F6A00A1FEAA /* Build configuration list for PBXNativeTarget "CodingChallengeTests" */;
			buildPhases = (
				2349FD64261E4F6A00A1FEAA /* Sources */,
				2349FD65261E4F6A00A1FEAA /* Frameworks */,
				2349FD66261E4F6A00A1FEAA /* Resources */,
			);
			buildRules = (
			);
			dependencies = (
				2349FD6A261E4F6A00A1FEAA /* PBXTargetDependency */,
			);
			name = CodingChallengeTests;
			productName = CodingChallengeTests;
			productReference = 2349FD68261E4F6A00A1FEAA /* CodingChallengeTests.xctest */;
			productType = "com.apple.product-type.bundle.unit-test";
		};
		2349FD72261E4F6A00A1FEAA /* CodingChallengeUITests */ = {
			isa = PBXNativeTarget;
			buildConfigurationList = 2349FD82261E4F6A00A1FEAA /* Build configuration list for PBXNativeTarget "CodingChallengeUITests" */;
			buildPhases = (
				2349FD6F261E4F6A00A1FEAA /* Sources */,
				2349FD70261E4F6A00A1FEAA /* Frameworks */,
				2349FD71261E4F6A00A1FEAA /* Resources */,
			);
			buildRules = (
			);
			dependencies = (
				2349FD75261E4F6A00A1FEAA /* PBXTargetDependency */,
			);
			name = CodingChallengeUITests;
			productName = CodingChallengeUITests;
			productReference = 2349FD73261E4F6A00A1FEAA /* CodingChallengeUITests.xctest */;
			productType = "com.apple.product-type.bundle.ui-testing";
		};
/* End PBXNativeTarget section */

/* Begin PBXProject section */
		2349FD4F261E4F6900A1FEAA /* Project object */ = {
			isa = PBXProject;
			attributes = {
				LastSwiftUpdateCheck = 1240;
				LastUpgradeCheck = 1240;
				TargetAttributes = {
					2349FD56261E4F6900A1FEAA = {
						CreatedOnToolsVersion = 12.4;
					};
					2349FD67261E4F6A00A1FEAA = {
						CreatedOnToolsVersion = 12.4;
						TestTargetID = 2349FD56261E4F6900A1FEAA;
					};
					2349FD72261E4F6A00A1FEAA = {
						CreatedOnToolsVersion = 12.4;
						TestTargetID = 2349FD56261E4F6900A1FEAA;
					};
				};
			};
			buildConfigurationList = 2349FD52261E4F6900A1FEAA /* Build configuration list for PBXProject "CodingChallenge" */;
			compatibilityVersion = "Xcode 9.3";
			developmentRegion = en;
			hasScannedForEncodings = 0;
			knownRegions = (
				en,
				Base,
			);
			mainGroup = 2349FD4E261E4F6900A1FEAA;
			packageReferences = (
				722D6C332966D17A002F89B0 /* XCRemoteSwiftPackageReference "Alamofire" */,
				7212F7012966FF270012B578 /* XCRemoteSwiftPackageReference "SFSafeSymbols" */,
			);
			productRefGroup = 2349FD58261E4F6900A1FEAA /* Products */;
			projectDirPath = "";
			projectRoot = "";
			targets = (
				2349FD56261E4F6900A1FEAA /* CodingChallenge */,
				2349FD67261E4F6A00A1FEAA /* CodingChallengeTests */,
				2349FD72261E4F6A00A1FEAA /* CodingChallengeUITests */,
			);
		};
/* End PBXProject section */

/* Begin PBXResourcesBuildPhase section */
		2349FD55261E4F6900A1FEAA /* Resources */ = {
			isa = PBXResourcesBuildPhase;
			buildActionMask = 2147483647;
			files = (
				2349FD62261E4F6A00A1FEAA /* Preview Assets.xcassets in Resources */,
				2349FD5F261E4F6A00A1FEAA /* Assets.xcassets in Resources */,
			);
			runOnlyForDeploymentPostprocessing = 0;
		};
		2349FD66261E4F6A00A1FEAA /* Resources */ = {
			isa = PBXResourcesBuildPhase;
			buildActionMask = 2147483647;
			files = (
			);
			runOnlyForDeploymentPostprocessing = 0;
		};
		2349FD71261E4F6A00A1FEAA /* Resources */ = {
			isa = PBXResourcesBuildPhase;
			buildActionMask = 2147483647;
			files = (
			);
			runOnlyForDeploymentPostprocessing = 0;
		};
/* End PBXResourcesBuildPhase section */

/* Begin PBXSourcesBuildPhase section */
		2349FD53261E4F6900A1FEAA /* Sources */ = {
			isa = PBXSourcesBuildPhase;
			buildActionMask = 2147483647;
			files = (
				722D6C3E2966D3B1002F89B0 /* ShiftsViewViewModel.swift in Sources */,
				7212F6FA2966F37F0012B578 /* ShiftCardView.swift in Sources */,
				722D6C422966E284002F89B0 /* AutoMockable.generated.swift in Sources */,
				7212F6FE2966F6E90012B578 /* ProcessInfo+Extensions.swift in Sources */,
				2349FD89261E4F9900A1FEAA /* ShiftsView.swift in Sources */,
				722D6C482966E84D002F89B0 /* Shimmer.swift in Sources */,
				2349FD5B261E4F6900A1FEAA /* CodingChallengeApp.swift in Sources */,
				7212F7002966F98F0012B578 /* HexColor.swift in Sources */,
				72F65248296826EA003A11C8 /* ShiftSection.swift in Sources */,
				722D6C462966E82C002F89B0 /* CollectionLoadingView.swift in Sources */,
				7212F7052967068F0012B578 /* Date+Extensions.swift in Sources */,
				72F65245296819FD003A11C8 /* ShiftTimesView.swift in Sources */,
				72F65243296817CE003A11C8 /* ColorIndicatorText.swift in Sources */,
				722D6C4A2966EA40002F89B0 /* DayOnlyDateFormatter.swift in Sources */,
				722D6C382966D285002F89B0 /* ShiftsRequest.swift in Sources */,
				7212F6FC2966F5240012B578 /* Array+Extensions.swift in Sources */,
				722D6C3A2966D28D002F89B0 /* ShiftsResponse.swift in Sources */,
				722D6C3C2966D2CF002F89B0 /* ShiftsNetworkService.swift in Sources */,
				7212F707296709130012B578 /* ShiftDetailsView.swift in Sources */,
				722D6C432966E284002F89B0 /* AutoStub.generated.swift in Sources */,
			);
			runOnlyForDeploymentPostprocessing = 0;
		};
		2349FD64261E4F6A00A1FEAA /* Sources */ = {
			isa = PBXSourcesBuildPhase;
			buildActionMask = 2147483647;
			files = (
				2349FD6D261E4F6A00A1FEAA /* CodingChallengeTests.swift in Sources */,
			);
			runOnlyForDeploymentPostprocessing = 0;
		};
		2349FD6F261E4F6A00A1FEAA /* Sources */ = {
			isa = PBXSourcesBuildPhase;
			buildActionMask = 2147483647;
			files = (
				2349FD78261E4F6A00A1FEAA /* CodingChallengeUITests.swift in Sources */,
			);
			runOnlyForDeploymentPostprocessing = 0;
		};
/* End PBXSourcesBuildPhase section */

/* Begin PBXTargetDependency section */
		2349FD6A261E4F6A00A1FEAA /* PBXTargetDependency */ = {
			isa = PBXTargetDependency;
			target = 2349FD56261E4F6900A1FEAA /* CodingChallenge */;
			targetProxy = 2349FD69261E4F6A00A1FEAA /* PBXContainerItemProxy */;
		};
		2349FD75261E4F6A00A1FEAA /* PBXTargetDependency */ = {
			isa = PBXTargetDependency;
			target = 2349FD56261E4F6900A1FEAA /* CodingChallenge */;
			targetProxy = 2349FD74261E4F6A00A1FEAA /* PBXContainerItemProxy */;
		};
/* End PBXTargetDependency section */

/* Begin XCBuildConfiguration section */
		2349FD7A261E4F6A00A1FEAA /* Debug */ = {
			isa = XCBuildConfiguration;
			buildSettings = {
				ALWAYS_SEARCH_USER_PATHS = NO;
				CLANG_ANALYZER_NONNULL = YES;
				CLANG_ANALYZER_NUMBER_OBJECT_CONVERSION = YES_AGGRESSIVE;
				CLANG_CXX_LANGUAGE_STANDARD = "gnu++14";
				CLANG_CXX_LIBRARY = "libc++";
				CLANG_ENABLE_MODULES = YES;
				CLANG_ENABLE_OBJC_ARC = YES;
				CLANG_ENABLE_OBJC_WEAK = YES;
				CLANG_WARN_BLOCK_CAPTURE_AUTORELEASING = YES;
				CLANG_WARN_BOOL_CONVERSION = YES;
				CLANG_WARN_COMMA = YES;
				CLANG_WARN_CONSTANT_CONVERSION = YES;
				CLANG_WARN_DEPRECATED_OBJC_IMPLEMENTATIONS = YES;
				CLANG_WARN_DIRECT_OBJC_ISA_USAGE = YES_ERROR;
				CLANG_WARN_DOCUMENTATION_COMMENTS = YES;
				CLANG_WARN_EMPTY_BODY = YES;
				CLANG_WARN_ENUM_CONVERSION = YES;
				CLANG_WARN_INFINITE_RECURSION = YES;
				CLANG_WARN_INT_CONVERSION = YES;
				CLANG_WARN_NON_LITERAL_NULL_CONVERSION = YES;
				CLANG_WARN_OBJC_IMPLICIT_RETAIN_SELF = YES;
				CLANG_WARN_OBJC_LITERAL_CONVERSION = YES;
				CLANG_WARN_OBJC_ROOT_CLASS = YES_ERROR;
				CLANG_WARN_QUOTED_INCLUDE_IN_FRAMEWORK_HEADER = YES;
				CLANG_WARN_RANGE_LOOP_ANALYSIS = YES;
				CLANG_WARN_STRICT_PROTOTYPES = YES;
				CLANG_WARN_SUSPICIOUS_MOVE = YES;
				CLANG_WARN_UNGUARDED_AVAILABILITY = YES_AGGRESSIVE;
				CLANG_WARN_UNREACHABLE_CODE = YES;
				CLANG_WARN__DUPLICATE_METHOD_MATCH = YES;
				COPY_PHASE_STRIP = NO;
				DEBUG_INFORMATION_FORMAT = dwarf;
				ENABLE_STRICT_OBJC_MSGSEND = YES;
				ENABLE_TESTABILITY = YES;
				GCC_C_LANGUAGE_STANDARD = gnu11;
				GCC_DYNAMIC_NO_PIC = NO;
				GCC_NO_COMMON_BLOCKS = YES;
				GCC_OPTIMIZATION_LEVEL = 0;
				GCC_PREPROCESSOR_DEFINITIONS = (
					"DEBUG=1",
					"$(inherited)",
				);
				GCC_WARN_64_TO_32_BIT_CONVERSION = YES;
				GCC_WARN_ABOUT_RETURN_TYPE = YES_ERROR;
				GCC_WARN_UNDECLARED_SELECTOR = YES;
				GCC_WARN_UNINITIALIZED_AUTOS = YES_AGGRESSIVE;
				GCC_WARN_UNUSED_FUNCTION = YES;
				GCC_WARN_UNUSED_VARIABLE = YES;
				IPHONEOS_DEPLOYMENT_TARGET = 14.0;
				MTL_ENABLE_DEBUG_INFO = INCLUDE_SOURCE;
				MTL_FAST_MATH = YES;
				ONLY_ACTIVE_ARCH = YES;
				SDKROOT = iphoneos;
				SWIFT_ACTIVE_COMPILATION_CONDITIONS = DEBUG;
				SWIFT_OPTIMIZATION_LEVEL = "-Onone";
			};
			name = Debug;
		};
		2349FD7B261E4F6A00A1FEAA /* Release */ = {
			isa = XCBuildConfiguration;
			buildSettings = {
				ALWAYS_SEARCH_USER_PATHS = NO;
				CLANG_ANALYZER_NONNULL = YES;
				CLANG_ANALYZER_NUMBER_OBJECT_CONVERSION = YES_AGGRESSIVE;
				CLANG_CXX_LANGUAGE_STANDARD = "gnu++14";
				CLANG_CXX_LIBRARY = "libc++";
				CLANG_ENABLE_MODULES = YES;
				CLANG_ENABLE_OBJC_ARC = YES;
				CLANG_ENABLE_OBJC_WEAK = YES;
				CLANG_WARN_BLOCK_CAPTURE_AUTORELEASING = YES;
				CLANG_WARN_BOOL_CONVERSION = YES;
				CLANG_WARN_COMMA = YES;
				CLANG_WARN_CONSTANT_CONVERSION = YES;
				CLANG_WARN_DEPRECATED_OBJC_IMPLEMENTATIONS = YES;
				CLANG_WARN_DIRECT_OBJC_ISA_USAGE = YES_ERROR;
				CLANG_WARN_DOCUMENTATION_COMMENTS = YES;
				CLANG_WARN_EMPTY_BODY = YES;
				CLANG_WARN_ENUM_CONVERSION = YES;
				CLANG_WARN_INFINITE_RECURSION = YES;
				CLANG_WARN_INT_CONVERSION = YES;
				CLANG_WARN_NON_LITERAL_NULL_CONVERSION = YES;
				CLANG_WARN_OBJC_IMPLICIT_RETAIN_SELF = YES;
				CLANG_WARN_OBJC_LITERAL_CONVERSION = YES;
				CLANG_WARN_OBJC_ROOT_CLASS = YES_ERROR;
				CLANG_WARN_QUOTED_INCLUDE_IN_FRAMEWORK_HEADER = YES;
				CLANG_WARN_RANGE_LOOP_ANALYSIS = YES;
				CLANG_WARN_STRICT_PROTOTYPES = YES;
				CLANG_WARN_SUSPICIOUS_MOVE = YES;
				CLANG_WARN_UNGUARDED_AVAILABILITY = YES_AGGRESSIVE;
				CLANG_WARN_UNREACHABLE_CODE = YES;
				CLANG_WARN__DUPLICATE_METHOD_MATCH = YES;
				COPY_PHASE_STRIP = NO;
				DEBUG_INFORMATION_FORMAT = "dwarf-with-dsym";
				ENABLE_NS_ASSERTIONS = NO;
				ENABLE_STRICT_OBJC_MSGSEND = YES;
				GCC_C_LANGUAGE_STANDARD = gnu11;
				GCC_NO_COMMON_BLOCKS = YES;
				GCC_WARN_64_TO_32_BIT_CONVERSION = YES;
				GCC_WARN_ABOUT_RETURN_TYPE = YES_ERROR;
				GCC_WARN_UNDECLARED_SELECTOR = YES;
				GCC_WARN_UNINITIALIZED_AUTOS = YES_AGGRESSIVE;
				GCC_WARN_UNUSED_FUNCTION = YES;
				GCC_WARN_UNUSED_VARIABLE = YES;
				IPHONEOS_DEPLOYMENT_TARGET = 14.0;
				MTL_ENABLE_DEBUG_INFO = NO;
				MTL_FAST_MATH = YES;
				SDKROOT = iphoneos;
				SWIFT_COMPILATION_MODE = wholemodule;
				SWIFT_OPTIMIZATION_LEVEL = "-O";
				VALIDATE_PRODUCT = YES;
			};
			name = Release;
		};
		2349FD7D261E4F6A00A1FEAA /* Debug */ = {
			isa = XCBuildConfiguration;
			buildSettings = {
				ASSETCATALOG_COMPILER_APPICON_NAME = AppIcon;
				ASSETCATALOG_COMPILER_GLOBAL_ACCENT_COLOR_NAME = AccentColor;
				CODE_SIGN_STYLE = Automatic;
				DEVELOPMENT_ASSET_PATHS = "\"CodingChallenge/Preview Content\"";
				DEVELOPMENT_TEAM = 7HRU3V63R2;
				ENABLE_PREVIEWS = YES;
				INFOPLIST_FILE = CodingChallenge/Info.plist;
				IPHONEOS_DEPLOYMENT_TARGET = 14.0;
				LD_RUNPATH_SEARCH_PATHS = (
					"$(inherited)",
					"@executable_path/Frameworks",
				);
				PRODUCT_BUNDLE_IDENTIFIER = shiftkey.CodingChallenge;
				PRODUCT_NAME = "$(TARGET_NAME)";
				SWIFT_VERSION = 5.0;
				TARGETED_DEVICE_FAMILY = "1,2";
			};
			name = Debug;
		};
		2349FD7E261E4F6A00A1FEAA /* Release */ = {
			isa = XCBuildConfiguration;
			buildSettings = {
				ASSETCATALOG_COMPILER_APPICON_NAME = AppIcon;
				ASSETCATALOG_COMPILER_GLOBAL_ACCENT_COLOR_NAME = AccentColor;
				CODE_SIGN_STYLE = Automatic;
				DEVELOPMENT_ASSET_PATHS = "\"CodingChallenge/Preview Content\"";
				DEVELOPMENT_TEAM = 7HRU3V63R2;
				ENABLE_PREVIEWS = YES;
				INFOPLIST_FILE = CodingChallenge/Info.plist;
				IPHONEOS_DEPLOYMENT_TARGET = 14.0;
				LD_RUNPATH_SEARCH_PATHS = (
					"$(inherited)",
					"@executable_path/Frameworks",
				);
				PRODUCT_BUNDLE_IDENTIFIER = shiftkey.CodingChallenge;
				PRODUCT_NAME = "$(TARGET_NAME)";
				SWIFT_VERSION = 5.0;
				TARGETED_DEVICE_FAMILY = "1,2";
			};
			name = Release;
		};
		2349FD80261E4F6A00A1FEAA /* Debug */ = {
			isa = XCBuildConfiguration;
			buildSettings = {
				ALWAYS_EMBED_SWIFT_STANDARD_LIBRARIES = YES;
				BUNDLE_LOADER = "$(TEST_HOST)";
				CODE_SIGN_STYLE = Automatic;
				DEVELOPMENT_TEAM = 7HRU3V63R2;
				INFOPLIST_FILE = CodingChallengeTests/Info.plist;
				IPHONEOS_DEPLOYMENT_TARGET = 14.0;
				LD_RUNPATH_SEARCH_PATHS = (
					"$(inherited)",
					"@executable_path/Frameworks",
					"@loader_path/Frameworks",
				);
				PRODUCT_BUNDLE_IDENTIFIER = shiftkey.CodingChallengeTests;
				PRODUCT_NAME = "$(TARGET_NAME)";
				SWIFT_VERSION = 5.0;
				TARGETED_DEVICE_FAMILY = "1,2";
				TEST_HOST = "$(BUILT_PRODUCTS_DIR)/CodingChallenge.app/CodingChallenge";
			};
			name = Debug;
		};
		2349FD81261E4F6A00A1FEAA /* Release */ = {
			isa = XCBuildConfiguration;
			buildSettings = {
				ALWAYS_EMBED_SWIFT_STANDARD_LIBRARIES = YES;
				BUNDLE_LOADER = "$(TEST_HOST)";
				CODE_SIGN_STYLE = Automatic;
				DEVELOPMENT_TEAM = 7HRU3V63R2;
				INFOPLIST_FILE = CodingChallengeTests/Info.plist;
				IPHONEOS_DEPLOYMENT_TARGET = 14.0;
				LD_RUNPATH_SEARCH_PATHS = (
					"$(inherited)",
					"@executable_path/Frameworks",
					"@loader_path/Frameworks",
				);
				PRODUCT_BUNDLE_IDENTIFIER = shiftkey.CodingChallengeTests;
				PRODUCT_NAME = "$(TARGET_NAME)";
				SWIFT_VERSION = 5.0;
				TARGETED_DEVICE_FAMILY = "1,2";
				TEST_HOST = "$(BUILT_PRODUCTS_DIR)/CodingChallenge.app/CodingChallenge";
			};
			name = Release;
		};
		2349FD83261E4F6A00A1FEAA /* Debug */ = {
			isa = XCBuildConfiguration;
			buildSettings = {
				ALWAYS_EMBED_SWIFT_STANDARD_LIBRARIES = YES;
				CODE_SIGN_STYLE = Automatic;
				DEVELOPMENT_TEAM = 7HRU3V63R2;
				INFOPLIST_FILE = CodingChallengeUITests/Info.plist;
				LD_RUNPATH_SEARCH_PATHS = (
					"$(inherited)",
					"@executable_path/Frameworks",
					"@loader_path/Frameworks",
				);
				PRODUCT_BUNDLE_IDENTIFIER = shiftkey.CodingChallengeUITests;
				PRODUCT_NAME = "$(TARGET_NAME)";
				SWIFT_VERSION = 5.0;
				TARGETED_DEVICE_FAMILY = "1,2";
				TEST_TARGET_NAME = CodingChallenge;
			};
			name = Debug;
		};
		2349FD84261E4F6A00A1FEAA /* Release */ = {
			isa = XCBuildConfiguration;
			buildSettings = {
				ALWAYS_EMBED_SWIFT_STANDARD_LIBRARIES = YES;
				CODE_SIGN_STYLE = Automatic;
				DEVELOPMENT_TEAM = 7HRU3V63R2;
				INFOPLIST_FILE = CodingChallengeUITests/Info.plist;
				LD_RUNPATH_SEARCH_PATHS = (
					"$(inherited)",
					"@executable_path/Frameworks",
					"@loader_path/Frameworks",
				);
				PRODUCT_BUNDLE_IDENTIFIER = shiftkey.CodingChallengeUITests;
				PRODUCT_NAME = "$(TARGET_NAME)";
				SWIFT_VERSION = 5.0;
				TARGETED_DEVICE_FAMILY = "1,2";
				TEST_TARGET_NAME = CodingChallenge;
			};
			name = Release;
		};
/* End XCBuildConfiguration section */

/* Begin XCConfigurationList section */
		2349FD52261E4F6900A1FEAA /* Build configuration list for PBXProject "CodingChallenge" */ = {
			isa = XCConfigurationList;
			buildConfigurations = (
				2349FD7A261E4F6A00A1FEAA /* Debug */,
				2349FD7B261E4F6A00A1FEAA /* Release */,
			);
			defaultConfigurationIsVisible = 0;
			defaultConfigurationName = Release;
		};
		2349FD7C261E4F6A00A1FEAA /* Build configuration list for PBXNativeTarget "CodingChallenge" */ = {
			isa = XCConfigurationList;
			buildConfigurations = (
				2349FD7D261E4F6A00A1FEAA /* Debug */,
				2349FD7E261E4F6A00A1FEAA /* Release */,
			);
			defaultConfigurationIsVisible = 0;
			defaultConfigurationName = Release;
		};
		2349FD7F261E4F6A00A1FEAA /* Build configuration list for PBXNativeTarget "CodingChallengeTests" */ = {
			isa = XCConfigurationList;
			buildConfigurations = (
				2349FD80261E4F6A00A1FEAA /* Debug */,
				2349FD81261E4F6A00A1FEAA /* Release */,
			);
			defaultConfigurationIsVisible = 0;
			defaultConfigurationName = Release;
		};
		2349FD82261E4F6A00A1FEAA /* Build configuration list for PBXNativeTarget "CodingChallengeUITests" */ = {
			isa = XCConfigurationList;
			buildConfigurations = (
				2349FD83261E4F6A00A1FEAA /* Debug */,
				2349FD84261E4F6A00A1FEAA /* Release */,
			);
			defaultConfigurationIsVisible = 0;
			defaultConfigurationName = Release;
		};
/* End XCConfigurationList section */

/* Begin XCRemoteSwiftPackageReference section */
		7212F7012966FF270012B578 /* XCRemoteSwiftPackageReference "SFSafeSymbols" */ = {
			isa = XCRemoteSwiftPackageReference;
			repositoryURL = "https://github.com/SFSafeSymbols/SFSafeSymbols.git";
			requirement = {
				kind = upToNextMinorVersion;
				minimumVersion = 4.1.0;
			};
		};
		722D6C332966D17A002F89B0 /* XCRemoteSwiftPackageReference "Alamofire" */ = {
			isa = XCRemoteSwiftPackageReference;
			repositoryURL = "https://github.com/Alamofire/Alamofire.git";
			requirement = {
				kind = upToNextMajorVersion;
				minimumVersion = 5.0.0;
			};
		};
/* End XCRemoteSwiftPackageReference section */

/* Begin XCSwiftPackageProductDependency section */
		7212F7022966FF270012B578 /* SFSafeSymbols */ = {
			isa = XCSwiftPackageProductDependency;
			package = 7212F7012966FF270012B578 /* XCRemoteSwiftPackageReference "SFSafeSymbols" */;
			productName = SFSafeSymbols;
		};
		722D6C342966D17A002F89B0 /* Alamofire */ = {
			isa = XCSwiftPackageProductDependency;
			package = 722D6C332966D17A002F89B0 /* XCRemoteSwiftPackageReference "Alamofire" */;
			productName = Alamofire;
		};
/* End XCSwiftPackageProductDependency section */
	};
	rootObject = 2349FD4F261E4F6900A1FEAA /* Project object */;
}
